
Microsoft Visual Studio Solution File, Format Version 12.00
# Visual Studio Version 17
VisualStudioVersion = 17.3.32804.467
MinimumVisualStudioVersion = 10.0.40219.1
Project("{2150E333-8FDC-42A3-9474-1A3956D46DE8}") = "src", "src", "{8FB6441B-0974-4FFB-A9B4-3B4BF7C39526}"
EndProject
Project("{2150E333-8FDC-42A3-9474-1A3956D46DE8}") = "corePackages", "corePackages", "{EE743688-0BD6-4B5B-A404-A219119725D1}"
EndProject
Project("{2150E333-8FDC-42A3-9474-1A3956D46DE8}") = "kodlama.Io.Devs", "kodlama.Io.Devs", "{E9A7AFFF-B34C-41A8-B79F-B226194C04C2}"
EndProject
Project("{9A19103F-16F7-4668-BE54-9A1E7A4F7556}") = "Domain", "src\kodlama.Io.Devs\Domain\Domain.csproj", "{E6AC7DC4-70A1-41CB-874F-08504095B7B8}"
EndProject
Project("{9A19103F-16F7-4668-BE54-9A1E7A4F7556}") = "Application", "src\kodlama.Io.Devs\Application\Application.csproj", "{CD15159A-8FBF-4AF5-9FC0-8AA3CBF87919}"
EndProject
Project("{9A19103F-16F7-4668-BE54-9A1E7A4F7556}") = "Infrastructure", "src\kodlama.Io.Devs\Infrastructure\Infrastructure.csproj", "{3DE11445-491D-4BBB-9585-B050BC8ADE0C}"
EndProject
Project("{9A19103F-16F7-4668-BE54-9A1E7A4F7556}") = "Persistence", "src\kodlama.Io.Devs\Persistance\Persistence.csproj", "{6A6335AB-46E1-4EDB-8FD1-6F806CC3BFD8}"
EndProject
Project("{9A19103F-16F7-4668-BE54-9A1E7A4F7556}") = "Core.Application", "src\corePackages\Core.Application\Core.Application.csproj", "{6301C870-4306-4BC2-A21D-AD624B7FB974}"
EndProject
Project("{9A19103F-16F7-4668-BE54-9A1E7A4F7556}") = "Core.CrossCuttingConcerns", "src\corePackages\Core.CrossCuttingConcers\Core.CrossCuttingConcerns.csproj", "{D00B59A2-0C1B-4747-ADF9-88040FF8E483}"
EndProject
Project("{9A19103F-16F7-4668-BE54-9A1E7A4F7556}") = "Core.ElasticSearch", "src\corePackages\Core.ElasticSearch\Core.ElasticSearch.csproj", "{20758103-9860-46CB-A7F4-1B16F3903ADE}"
EndProject
Project("{9A19103F-16F7-4668-BE54-9A1E7A4F7556}") = "Core.Mailing", "src\corePackages\Core.Mailing\Core.Mailing.csproj", "{392610A3-104A-4A15-9185-C79D7B08EB07}"
EndProject
Project("{9A19103F-16F7-4668-BE54-9A1E7A4F7556}") = "Core.Persistence", "src\corePackages\Core.Persistence\Core.Persistence.csproj", "{1FB03C0B-19B4-431D-BD99-74B65951E73A}"
EndProject
Project("{9A19103F-16F7-4668-BE54-9A1E7A4F7556}") = "Core.Security", "src\corePackages\Core.Security\Core.Security.csproj", "{A22F8F58-0401-4FF3-AD39-4809DEA787D9}"
EndProject
Project("{9A19103F-16F7-4668-BE54-9A1E7A4F7556}") = "WebAPI", "src\kodlama.Io.Devs\WebAPI\WebAPI.csproj", "{5ACE1CEE-78CA-43DD-A21F-8591EBBEE7E7}"
EndProject
Global
	GlobalSection(SolutionConfigurationPlatforms) = preSolution
		Debug|Any CPU = Debug|Any CPU
		Release|Any CPU = Release|Any CPU
	EndGlobalSection
	GlobalSection(ProjectConfigurationPlatforms) = postSolution
		{E6AC7DC4-70A1-41CB-874F-08504095B7B8}.Debug|Any CPU.ActiveCfg = Debug|Any CPU
		{E6AC7DC4-70A1-41CB-874F-08504095B7B8}.Debug|Any CPU.Build.0 = Debug|Any CPU
		{E6AC7DC4-70A1-41CB-874F-08504095B7B8}.Release|Any CPU.ActiveCfg = Release|Any CPU
		{E6AC7DC4-70A1-41CB-874F-08504095B7B8}.Release|Any CPU.Build.0 = Release|Any CPU
		{CD15159A-8FBF-4AF5-9FC0-8AA3CBF87919}.Debug|Any CPU.ActiveCfg = Debug|Any CPU
		{CD15159A-8FBF-4AF5-9FC0-8AA3CBF87919}.Debug|Any CPU.Build.0 = Debug|Any CPU
		{CD15159A-8FBF-4AF5-9FC0-8AA3CBF87919}.Release|Any CPU.ActiveCfg = Release|Any CPU
		{CD15159A-8FBF-4AF5-9FC0-8AA3CBF87919}.Release|Any CPU.Build.0 = Release|Any CPU
		{3DE11445-491D-4BBB-9585-B050BC8ADE0C}.Debug|Any CPU.ActiveCfg = Debug|Any CPU
		{3DE11445-491D-4BBB-9585-B050BC8ADE0C}.Debug|Any CPU.Build.0 = Debug|Any CPU
		{3DE11445-491D-4BBB-9585-B050BC8ADE0C}.Release|Any CPU.ActiveCfg = Release|Any CPU
		{3DE11445-491D-4BBB-9585-B050BC8ADE0C}.Release|Any CPU.Build.0 = Release|Any CPU
		{6A6335AB-46E1-4EDB-8FD1-6F806CC3BFD8}.Debug|Any CPU.ActiveCfg = Debug|Any CPU
		{6A6335AB-46E1-4EDB-8FD1-6F806CC3BFD8}.Debug|Any CPU.Build.0 = Debug|Any CPU
		{6A6335AB-46E1-4EDB-8FD1-6F806CC3BFD8}.Release|Any CPU.ActiveCfg = Release|Any CPU
		{6A6335AB-46E1-4EDB-8FD1-6F806CC3BFD8}.Release|Any CPU.Build.0 = Release|Any CPU
		{6301C870-4306-4BC2-A21D-AD624B7FB974}.Debug|Any CPU.ActiveCfg = Debug|Any CPU
		{6301C870-4306-4BC2-A21D-AD624B7FB974}.Debug|Any CPU.Build.0 = Debug|Any CPU
		{6301C870-4306-4BC2-A21D-AD624B7FB974}.Release|Any CPU.ActiveCfg = Release|Any CPU
		{6301C870-4306-4BC2-A21D-AD624B7FB974}.Release|Any CPU.Build.0 = Release|Any CPU
		{D00B59A2-0C1B-4747-ADF9-88040FF8E483}.Debug|Any CPU.ActiveCfg = Debug|Any CPU
		{D00B59A2-0C1B-4747-ADF9-88040FF8E483}.Debug|Any CPU.Build.0 = Debug|Any CPU
		{D00B59A2-0C1B-4747-ADF9-88040FF8E483}.Release|Any CPU.ActiveCfg = Release|Any CPU
		{D00B59A2-0C1B-4747-ADF9-88040FF8E483}.Release|Any CPU.Build.0 = Release|Any CPU
		{20758103-9860-46CB-A7F4-1B16F3903ADE}.Debug|Any CPU.ActiveCfg = Debug|Any CPU
		{20758103-9860-46CB-A7F4-1B16F3903ADE}.Debug|Any CPU.Build.0 = Debug|Any CPU
		{20758103-9860-46CB-A7F4-1B16F3903ADE}.Release|Any CPU.ActiveCfg = Release|Any CPU
		{20758103-9860-46CB-A7F4-1B16F3903ADE}.Release|Any CPU.Build.0 = Release|Any CPU
		{392610A3-104A-4A15-9185-C79D7B08EB07}.Debug|Any CPU.ActiveCfg = Debug|Any CPU
		{392610A3-104A-4A15-9185-C79D7B08EB07}.Debug|Any CPU.Build.0 = Debug|Any CPU
		{392610A3-104A-4A15-9185-C79D7B08EB07}.Release|Any CPU.ActiveCfg = Release|Any CPU
		{392610A3-104A-4A15-9185-C79D7B08EB07}.Release|Any CPU.Build.0 = Release|Any CPU
		{1FB03C0B-19B4-431D-BD99-74B65951E73A}.Debug|Any CPU.ActiveCfg = Debug|Any CPU
		{1FB03C0B-19B4-431D-BD99-74B65951E73A}.Debug|Any CPU.Build.0 = Debug|Any CPU
		{1FB03C0B-19B4-431D-BD99-74B65951E73A}.Release|Any CPU.ActiveCfg = Release|Any CPU
		{1FB03C0B-19B4-431D-BD99-74B65951E73A}.Release|Any CPU.Build.0 = Release|Any CPU
		{A22F8F58-0401-4FF3-AD39-4809DEA787D9}.Debug|Any CPU.ActiveCfg = Debug|Any CPU
		{A22F8F58-0401-4FF3-AD39-4809DEA787D9}.Debug|Any CPU.Build.0 = Debug|Any CPU
		{A22F8F58-0401-4FF3-AD39-4809DEA787D9}.Release|Any CPU.ActiveCfg = Release|Any CPU
		{A22F8F58-0401-4FF3-AD39-4809DEA787D9}.Release|Any CPU.Build.0 = Release|Any CPU
		{5ACE1CEE-78CA-43DD-A21F-8591EBBEE7E7}.Debug|Any CPU.ActiveCfg = Debug|Any CPU
		{5ACE1CEE-78CA-43DD-A21F-8591EBBEE7E7}.Debug|Any CPU.Build.0 = Debug|Any CPU
		{5ACE1CEE-78CA-43DD-A21F-8591EBBEE7E7}.Release|Any CPU.ActiveCfg = Release|Any CPU
		{5ACE1CEE-78CA-43DD-A21F-8591EBBEE7E7}.Release|Any CPU.Build.0 = Release|Any CPU
	EndGlobalSection
	GlobalSection(SolutionProperties) = preSolution
		HideSolutionNode = FALSE
	EndGlobalSection
	GlobalSection(NestedProjects) = preSolution
		{EE743688-0BD6-4B5B-A404-A219119725D1} = {8FB6441B-0974-4FFB-A9B4-3B4BF7C39526}
		{E9A7AFFF-B34C-41A8-B79F-B226194C04C2} = {8FB6441B-0974-4FFB-A9B4-3B4BF7C39526}
		{E6AC7DC4-70A1-41CB-874F-08504095B7B8} = {E9A7AFFF-B34C-41A8-B79F-B226194C04C2}
		{CD15159A-8FBF-4AF5-9FC0-8AA3CBF87919} = {E9A7AFFF-B34C-41A8-B79F-B226194C04C2}
		{3DE11445-491D-4BBB-9585-B050BC8ADE0C} = {E9A7AFFF-B34C-41A8-B79F-B226194C04C2}
		{6A6335AB-46E1-4EDB-8FD1-6F806CC3BFD8} = {E9A7AFFF-B34C-41A8-B79F-B226194C04C2}
		{6301C870-4306-4BC2-A21D-AD624B7FB974} = {EE743688-0BD6-4B5B-A404-A219119725D1}
		{D00B59A2-0C1B-4747-ADF9-88040FF8E483} = {EE743688-0BD6-4B5B-A404-A219119725D1}
		{20758103-9860-46CB-A7F4-1B16F3903ADE} = {EE743688-0BD6-4B5B-A404-A219119725D1}
		{392610A3-104A-4A15-9185-C79D7B08EB07} = {EE743688-0BD6-4B5B-A404-A219119725D1}
		{1FB03C0B-19B4-431D-BD99-74B65951E73A} = {EE743688-0BD6-4B5B-A404-A219119725D1}
		{A22F8F58-0401-4FF3-AD39-4809DEA787D9} = {EE743688-0BD6-4B5B-A404-A219119725D1}
		{5ACE1CEE-78CA-43DD-A21F-8591EBBEE7E7} = {E9A7AFFF-B34C-41A8-B79F-B226194C04C2}
	EndGlobalSection
	GlobalSection(ExtensibilityGlobals) = postSolution
		SolutionGuid = {DC911F58-0580-46BE-B3C1-1FE8E7421015}
	EndGlobalSection
EndGlobal
